
Microsoft Visual Studio Solution File, Format Version 12.00
# Visual Studio Version 17
VisualStudioVersion = 17.8.34511.84
MinimumVisualStudioVersion = 10.0.40219.1
Project("{FAE04EC0-301F-11D3-BF4B-00C04F79EFBC}") = "NftGeneratorGui", "NftGeneratorGui.csproj", "{F80BFD36-E872-40A1-B94E-F95438A3B79D}"
EndProject
Global
	GlobalSection(SolutionConfigurationPlatforms) = preSolution
		Debug|Any CPU = Debug|Any CPU
		Release|Any CPU = Release|Any CPU
	EndGlobalSection
	GlobalSection(ProjectConfigurationPlatforms) = postSolution
		{F80BFD36-E872-40A1-B94E-F95438A3B79D}.Debug|Any CPU.ActiveCfg = Debug|Any CPU
		{F80BFD36-E872-40A1-B94E-F95438A3B79D}.Debug|Any CPU.Build.0 = Debug|Any CPU
		{F80BFD36-E872-40A1-B94E-F95438A3B79D}.Release|Any CPU.ActiveCfg = Release|Any CPU
		{F80BFD36-E872-40A1-B94E-F95438A3B79D}.Release|Any CPU.Build.0 = Release|Any CPU
	EndGlobalSection
	GlobalSection(SolutionProperties) = preSolution
		HideSolutionNode = FALSE
	EndGlobalSection
	GlobalSection(ExtensibilityGlobals) = postSolution
		SolutionGuid = {6809ABD1-0F44-49F6-8282-4CBBC4BA40A6}
	EndGlobalSection
EndGlobal
